
Microsoft Visual Studio Solution File, Format Version 12.00
# Visual Studio Version 16
VisualStudioVersion = 16.0.31019.35
MinimumVisualStudioVersion = 10.0.40219.1
Project("{FAE04EC0-301F-11D3-BF4B-00C04F79EFBC}") = "MeasuringEqualityOfTwoLines", "MeasuringEqualityOfTwoLines\MeasuringEqualityOfTwoLines.csproj", "{02AA864A-419B-481E-91AD-9646AE0096BF}"
EndProject
Global
	GlobalSection(SolutionConfigurationPlatforms) = preSolution
		Debug|Any CPU = Debug|Any CPU
		Release|Any CPU = Release|Any CPU
	EndGlobalSection
	GlobalSection(ProjectConfigurationPlatforms) = postSolution
		{02AA864A-419B-481E-91AD-9646AE0096BF}.Debug|Any CPU.ActiveCfg = Debug|Any CPU
		{02AA864A-419B-481E-91AD-9646AE0096BF}.Debug|Any CPU.Build.0 = Debug|Any CPU
		{02AA864A-419B-481E-91AD-9646AE0096BF}.Release|Any CPU.ActiveCfg = Release|Any CPU
		{02AA864A-419B-481E-91AD-9646AE0096BF}.Release|Any CPU.Build.0 = Release|Any CPU
	EndGlobalSection
	GlobalSection(SolutionProperties) = preSolution
		HideSolutionNode = FALSE
	EndGlobalSection
	GlobalSection(ExtensibilityGlobals) = postSolution
		SolutionGuid = {692A2635-088A-4F9F-AB29-CDBC6BA8D3DB}
	EndGlobalSection
EndGlobal
